
Microsoft Visual Studio Solution File, Format Version 12.00
# Visual Studio for Mac
Project("{FAE04EC0-301F-11D3-BF4B-00C04F79EFBC}") = "TouchAmpApplication", "Assembly-CSharp.csproj", "{4F478AA0-9FB2-71A3-9F33-F2442BC9DA3A}"
EndProject
Project("{FAE04EC0-301F-11D3-BF4B-00C04F79EFBC}") = "TouchAmpApplication", "Assembly-CSharp-Editor.csproj", "{591B244D-8E32-7C81-C2B1-6B019856B670}"
EndProject
Global
	GlobalSection(SolutionConfigurationPlatforms) = preSolution
		Debug|Any CPU = Debug|Any CPU
		Release|Any CPU = Release|Any CPU
	EndGlobalSection
	GlobalSection(ProjectConfigurationPlatforms) = postSolution
		{4F478AA0-9FB2-71A3-9F33-F2442BC9DA3A}.Debug|Any CPU.ActiveCfg = Debug|Any CPU
		{4F478AA0-9FB2-71A3-9F33-F2442BC9DA3A}.Debug|Any CPU.Build.0 = Debug|Any CPU
		{4F478AA0-9FB2-71A3-9F33-F2442BC9DA3A}.Release|Any CPU.ActiveCfg = Release|Any CPU
		{4F478AA0-9FB2-71A3-9F33-F2442BC9DA3A}.Release|Any CPU.Build.0 = Release|Any CPU
		{591B244D-8E32-7C81-C2B1-6B019856B670}.Debug|Any CPU.ActiveCfg = Debug|Any CPU
		{591B244D-8E32-7C81-C2B1-6B019856B670}.Debug|Any CPU.Build.0 = Debug|Any CPU
		{591B244D-8E32-7C81-C2B1-6B019856B670}.Release|Any CPU.ActiveCfg = Release|Any CPU
		{591B244D-8E32-7C81-C2B1-6B019856B670}.Release|Any CPU.Build.0 = Release|Any CPU
	EndGlobalSection
	GlobalSection(SolutionProperties) = preSolution
		HideSolutionNode = FALSE
	EndGlobalSection
EndGlobal
